Microsoft Visual Studio Solution File, Format Version 12.00
# Visual Studio Version 17
VisualStudioVersion = 17.5.2.0
MinimumVisualStudioVersion = 10.0.40219.1
Project("{FAE04EC0-301F-11D3-BF4B-00C04F79EFBC}") = "LeverX", "LeverX.csproj", "{435C9286-93C3-51AA-B3A2-C927D842E510}"
EndProject
Project("{FAE04EC0-301F-11D3-BF4B-00C04F79EFBC}") = "MusicStore.Core.Data", "MusicStore.Core.Data\MusicStore.Core.Data.csproj", "{80717973-E66F-F479-94D8-E107716577C0}"
EndProject
Project("{FAE04EC0-301F-11D3-BF4B-00C04F79EFBC}") = "MusicStore.Core.Db", "MusicStore.Core.Db\MusicStore.Core.Db.csproj", "{CED580E8-2977-B4AE-5BEA-535CD7DAEFE5}"
EndProject
Project("{FAE04EC0-301F-11D3-BF4B-00C04F79EFBC}") = "MusicStore.Platform.Services.Interfaces", "MusicStore.Platform.Interfaces\MusicStore.Platform.Services.Interfaces.csproj", "{6D383778-D67F-77BE-2472-407B461E336D}"
EndProject
Project("{FAE04EC0-301F-11D3-BF4B-00C04F79EFBC}") = "MusicStore.Platform.Repositories", "MusicStore.Platform.Repositories\MusicStore.Platform.Repositories.csproj", "{3E71C054-5034-728E-5D33-43407D647D13}"
EndProject
Project("{FAE04EC0-301F-11D3-BF4B-00C04F79EFBC}") = "MusicStore.Platform.Repositories.Interfaces", "MusicStore.Platform.Repositories.Abstractions\MusicStore.Platform.Repositories.Interfaces.csproj", "{80C805C9-E3A9-8E52-18DE-6E087A7BBCA9}"
EndProject
Project("{FAE04EC0-301F-11D3-BF4B-00C04F79EFBC}") = "MusicStore.Platform.Services", "MusicStore.Platform.Services\MusicStore.Platform.Services.csproj", "{C6DEB8C9-2D0C-F08A-B2B0-EA93B0261AAB}"
EndProject
Project("{FAE04EC0-301F-11D3-BF4B-00C04F79EFBC}") = "MusicStore.Shared.Models", "MusicStore.Shared.Models\MusicStore.Shared.Models.csproj", "{937B83DC-B7B4-6FA2-D61C-F15C88BFB491}"
EndProject
Global
	GlobalSection(SolutionConfigurationPlatforms) = preSolution
		Debug|Any CPU = Debug|Any CPU
		Release|Any CPU = Release|Any CPU
	EndGlobalSection
	GlobalSection(ProjectConfigurationPlatforms) = postSolution
		{435C9286-93C3-51AA-B3A2-C927D842E510}.Debug|Any CPU.ActiveCfg = Debug|Any CPU
		{435C9286-93C3-51AA-B3A2-C927D842E510}.Debug|Any CPU.Build.0 = Debug|Any CPU
		{435C9286-93C3-51AA-B3A2-C927D842E510}.Release|Any CPU.ActiveCfg = Release|Any CPU
		{435C9286-93C3-51AA-B3A2-C927D842E510}.Release|Any CPU.Build.0 = Release|Any CPU
		{80717973-E66F-F479-94D8-E107716577C0}.Debug|Any CPU.ActiveCfg = Debug|Any CPU
		{80717973-E66F-F479-94D8-E107716577C0}.Debug|Any CPU.Build.0 = Debug|Any CPU
		{80717973-E66F-F479-94D8-E107716577C0}.Release|Any CPU.ActiveCfg = Release|Any CPU
		{80717973-E66F-F479-94D8-E107716577C0}.Release|Any CPU.Build.0 = Release|Any CPU
		{CED580E8-2977-B4AE-5BEA-535CD7DAEFE5}.Debug|Any CPU.ActiveCfg = Debug|Any CPU
		{CED580E8-2977-B4AE-5BEA-535CD7DAEFE5}.Debug|Any CPU.Build.0 = Debug|Any CPU
		{CED580E8-2977-B4AE-5BEA-535CD7DAEFE5}.Release|Any CPU.ActiveCfg = Release|Any CPU
		{CED580E8-2977-B4AE-5BEA-535CD7DAEFE5}.Release|Any CPU.Build.0 = Release|Any CPU
		{6D383778-D67F-77BE-2472-407B461E336D}.Debug|Any CPU.ActiveCfg = Debug|Any CPU
		{6D383778-D67F-77BE-2472-407B461E336D}.Debug|Any CPU.Build.0 = Debug|Any CPU
		{6D383778-D67F-77BE-2472-407B461E336D}.Release|Any CPU.ActiveCfg = Release|Any CPU
		{6D383778-D67F-77BE-2472-407B461E336D}.Release|Any CPU.Build.0 = Release|Any CPU
		{3E71C054-5034-728E-5D33-43407D647D13}.Debug|Any CPU.ActiveCfg = Debug|Any CPU
		{3E71C054-5034-728E-5D33-43407D647D13}.Debug|Any CPU.Build.0 = Debug|Any CPU
		{3E71C054-5034-728E-5D33-43407D647D13}.Release|Any CPU.ActiveCfg = Release|Any CPU
		{3E71C054-5034-728E-5D33-43407D647D13}.Release|Any CPU.Build.0 = Release|Any CPU
		{80C805C9-E3A9-8E52-18DE-6E087A7BBCA9}.Debug|Any CPU.ActiveCfg = Debug|Any CPU
		{80C805C9-E3A9-8E52-18DE-6E087A7BBCA9}.Debug|Any CPU.Build.0 = Debug|Any CPU
		{80C805C9-E3A9-8E52-18DE-6E087A7BBCA9}.Release|Any CPU.ActiveCfg = Release|Any CPU
		{80C805C9-E3A9-8E52-18DE-6E087A7BBCA9}.Release|Any CPU.Build.0 = Release|Any CPU
		{C6DEB8C9-2D0C-F08A-B2B0-EA93B0261AAB}.Debug|Any CPU.ActiveCfg = Debug|Any CPU
		{C6DEB8C9-2D0C-F08A-B2B0-EA93B0261AAB}.Debug|Any CPU.Build.0 = Debug|Any CPU
		{C6DEB8C9-2D0C-F08A-B2B0-EA93B0261AAB}.Release|Any CPU.ActiveCfg = Release|Any CPU
		{C6DEB8C9-2D0C-F08A-B2B0-EA93B0261AAB}.Release|Any CPU.Build.0 = Release|Any CPU
		{937B83DC-B7B4-6FA2-D61C-F15C88BFB491}.Debug|Any CPU.ActiveCfg = Debug|Any CPU
		{937B83DC-B7B4-6FA2-D61C-F15C88BFB491}.Debug|Any CPU.Build.0 = Debug|Any CPU
		{937B83DC-B7B4-6FA2-D61C-F15C88BFB491}.Release|Any CPU.ActiveCfg = Release|Any CPU
		{937B83DC-B7B4-6FA2-D61C-F15C88BFB491}.Release|Any CPU.Build.0 = Release|Any CPU
	EndGlobalSection
	GlobalSection(SolutionProperties) = preSolution
		HideSolutionNode = FALSE
	EndGlobalSection
	GlobalSection(ExtensibilityGlobals) = postSolution
		SolutionGuid = {32F782E2-5D91-4143-9E8A-9170EDA88E9D}
	EndGlobalSection
EndGlobal
